PODS:
  - Crashlytics (3.1.0)
  - Fabric (1.2.8):
    - Fabric/Base (= 1.2.8)
  - Fabric/Base (1.2.8)
  - FXBlurView (1.6.3)
  - Instabug (4.1.4)
  - iRate (1.11.4)
  - iVersion (1.11.4)
  - JCNotificationBannerPresenter (1.1.2)
  - SoundManager (1.4.2)

DEPENDENCIES:
  - Crashlytics
  - Fabric
  - FXBlurView
  - Instabug
  - iRate
  - iVersion
  - JCNotificationBannerPresenter
  - SoundManager

SPEC CHECKSUMS:
  Crashlytics: 93e2f86363d53c002c6366a9d87e41f2eaee87c3
  Fabric: a9eabe53915e9f1db55a84dd2838737928675878
  FXBlurView: c6d23f3d35af2c6282296a2930f61c6e2c788d01
  Instabug: de19c1b0f89c4e5deda6dd7f1dc3515e54238b08
  iRate: 599ed07c854e0695f3c605d1b2a64c67d912acb7
  iVersion: 2b6ffe708672cb494ba3cab150a94800c2892e81
  JCNotificationBannerPresenter: f40150961943048ed3b1d2628d29dbf66a959e21
  SoundManager: 99ae328a3ec9b259db774c9851a65feeceba8183

COCOAPODS: 0.38.2
