// !$*UTF8*$!
{
	archiveVersion = 1;
	classes = {
	};
	objectVersion = 46;
	objects = {

/* Begin PBXBuildFile section */
		091FED491B37283E0071F8DC /* main.m in Sources */ = {isa = PBXBuildFile; fileRef = 091FED481B37283E0071F8DC /* main.m */; };
		091FED4C1B37283E0071F8DC /* AppDelegate.m in Sources */ = {isa = PBXBuildFile; fileRef = 091FED4B1B37283E0071F8DC /* AppDelegate.m */; };
		091FED541B37283E0071F8DC /* Images.xcassets in Resources */ = {isa = PBXBuildFile; fileRef = 091FED531B37283E0071F8DC /* Images.xcassets */; };
		091FED571B37283E0071F8DC /* LaunchScreen.xib in Resources */ = {isa = PBXBuildFile; fileRef = 091FED551B37283E0071F8DC /* LaunchScreen.xib */; };
		091FED631B37283E0071F8DC /* Swype_ItTests.m in Sources */ = {isa = PBXBuildFile; fileRef = 091FED621B37283E0071F8DC /* Swype_ItTests.m */; };
		091FED6F1B37295D0071F8DC /* StartScreenViewController.m in Sources */ = {isa = PBXBuildFile; fileRef = 091FED6E1B37295D0071F8DC /* StartScreenViewController.m */; };
/* End PBXBuildFile section */

/* Begin PBXContainerItemProxy section */
		091FED5D1B37283E0071F8DC /* PBXContainerItemProxy */ = {
			isa = PBXContainerItemProxy;
			containerPortal = 091FED3B1B37283E0071F8DC /* Project object */;
			proxyType = 1;
			remoteGlobalIDString = 091FED421B37283E0071F8DC;
			remoteInfo = "Swype It";
		};
/* End PBXContainerItemProxy section */

/* Begin PBXFileReference section */
		091FED431B37283E0071F8DC /* Swype It.app */ = {isa = PBXFileReference; explicitFileType = wrapper.application; includeInIndex = 0; path = "Swype It.app"; sourceTree = BUILT_PRODUCTS_DIR; };
		091FED471B37283E0071F8DC /* Info.plist */ = {isa = PBXFileReference; lastKnownFileType = text.plist.xml; path = Info.plist; sourceTree = "<group>"; };
		091FED481B37283E0071F8DC /* main.m */ = {isa = PBXFileReference; lastKnownFileType = sourcecode.c.objc; path = main.m; sourceTree = "<group>"; };
		091FED4A1B37283E0071F8DC /* AppDelegate.h */ = {isa = PBXFileReference; lastKnownFileType = sourcecode.c.h; path = AppDelegate.h; sourceTree = "<group>"; };
		091FED4B1B37283E0071F8DC /* AppDelegate.m */ = {isa = PBXFileReference; lastKnownFileType = sourcecode.c.objc; path = AppDelegate.m; sourceTree = "<group>"; };
		091FED531B37283E0071F8DC /* Images.xcassets */ = {isa = PBXFileReference; lastKnownFileType = folder.assetcatalog; path = Images.xcassets; sourceTree = "<group>"; };
		091FED561B37283E0071F8DC /* Base */ = {isa = PBXFileReference; lastKnownFileType = file.xib; name = Base; path = Base.lproj/LaunchScreen.xib; sourceTree = "<group>"; };
		091FED5C1B37283E0071F8DC /* Swype ItTests.xctest */ = {isa = PBXFileReference; explicitFileType = wrapper.cfbundle; includeInIndex = 0; path = "Swype ItTests.xctest"; sourceTree = BUILT_PRODUCTS_DIR; };
		091FED611B37283E0071F8DC /* Info.plist */ = {isa = PBXFileReference; lastKnownFileType = text.plist.xml; path = Info.plist; sourceTree = "<group>"; };
		091FED621B37283E0071F8DC /* Swype_ItTests.m */ = {isa = PBXFileReference; lastKnownFileType = sourcecode.c.objc; path = Swype_ItTests.m; sourceTree = "<group>"; };
		091FED6D1B37295D0071F8DC /* StartScreenViewController.h */ = {isa = PBXFileReference; fileEncoding = 4; lastKnownFileType = sourcecode.c.h; path = StartScreenViewController.h; sourceTree = "<group>"; };
		091FED6E1B37295D0071F8DC /* StartScreenViewController.m */ = {isa = PBXFileReference; fileEncoding = 4; lastKnownFileType = sourcecode.c.objc; path = StartScreenViewController.m; sourceTree = "<group>"; };
/* End PBXFileReference section */

/* Begin PBXFrameworksBuildPhase section */
		091FED401B37283E0071F8DC /* Frameworks */ = {
			isa = PBXFrameworksBuildPhase;
			buildActionMask = 2147483647;
			files = (
			);
			runOnlyForDeploymentPostprocessing = 0;
		};
		091FED591B37283E0071F8DC /* Frameworks */ = {
			isa = PBXFrameworksBuildPhase;
			buildActionMask = 2147483647;
			files = (
			);
			runOnlyForDeploymentPostprocessing = 0;
		};
/* End PBXFrameworksBuildPhase section */

/* Begin PBXGroup section */
		091FED3A1B37283E0071F8DC = {
			isa = PBXGroup;
			children = (
				091FED451B37283E0071F8DC /* Swype It */,
				091FED5F1B37283E0071F8DC /* Swype ItTests */,
				091FED441B37283E0071F8DC /* Products */,
			);
			sourceTree = "<group>";
		};
		091FED441B37283E0071F8DC /* Products */ = {
			isa = PBXGroup;
			children = (
				091FED431B37283E0071F8DC /* Swype It.app */,
				091FED5C1B37283E0071F8DC /* Swype ItTests.xctest */,
			);
			name = Products;
			sourceTree = "<group>";
		};
		091FED451B37283E0071F8DC /* Swype It */ = {
			isa = PBXGroup;
			children = (
				091FED6C1B3729040071F8DC /* 000 - AppDelegate */,
				091FED531B37283E0071F8DC /* Images.xcassets */,
				091FED461B37283E0071F8DC /* Supporting Files */,
				091FED701B37296E0071F8DC /* UserInterface */,
				091FED711B37298D0071F8DC /* ViewControllers */,
			);
			path = "Swype It";
			sourceTree = "<group>";
		};
		091FED461B37283E0071F8DC /* Supporting Files */ = {
			isa = PBXGroup;
			children = (
				091FED471B37283E0071F8DC /* Info.plist */,
				091FED481B37283E0071F8DC /* main.m */,
			);
			name = "Supporting Files";
			sourceTree = "<group>";
		};
		091FED5F1B37283E0071F8DC /* Swype ItTests */ = {
			isa = PBXGroup;
			children = (
				091FED621B37283E0071F8DC /* Swype_ItTests.m */,
				091FED601B37283E0071F8DC /* Supporting Files */,
			);
			path = "Swype ItTests";
			sourceTree = "<group>";
		};
		091FED601B37283E0071F8DC /* Supporting Files */ = {
			isa = PBXGroup;
			children = (
				091FED611B37283E0071F8DC /* Info.plist */,
			);
			name = "Supporting Files";
			sourceTree = "<group>";
		};
		091FED6C1B3729040071F8DC /* 000 - AppDelegate */ = {
			isa = PBXGroup;
			children = (
				091FED4A1B37283E0071F8DC /* AppDelegate.h */,
				091FED4B1B37283E0071F8DC /* AppDelegate.m */,
			);
			name = "000 - AppDelegate";
			sourceTree = "<group>";
		};
		091FED701B37296E0071F8DC /* UserInterface */ = {
			isa = PBXGroup;
			children = (
				091FED551B37283E0071F8DC /* LaunchScreen.xib */,
			);
			name = UserInterface;
			sourceTree = "<group>";
		};
		091FED711B37298D0071F8DC /* ViewControllers */ = {
			isa = PBXGroup;
			children = (
				091FED6D1B37295D0071F8DC /* StartScreenViewController.h */,
				091FED6E1B37295D0071F8DC /* StartScreenViewController.m */,
			);
			name = ViewControllers;
			sourceTree = "<group>";
		};
/* End PBXGroup section */

/* Begin PBXNativeTarget section */
		091FED421B37283E0071F8DC /* Swype It */ = {
			isa = PBXNativeTarget;
			buildConfigurationList = 091FED661B37283E0071F8DC /* Build configuration list for PBXNativeTarget "Swype It" */;
			buildPhases = (
				091FED3F1B37283E0071F8DC /* Sources */,
				091FED401B37283E0071F8DC /* Frameworks */,
				091FED411B37283E0071F8DC /* Resources */,
			);
			buildRules = (
			);
			dependencies = (
			);
			name = "Swype It";
			productName = "Swype It";
			productReference = 091FED431B37283E0071F8DC /* Swype It.app */;
			productType = "com.apple.product-type.application";
		};
		091FED5B1B37283E0071F8DC /* Swype ItTests */ = {
			isa = PBXNativeTarget;
			buildConfigurationList = 091FED691B37283E0071F8DC /* Build configuration list for PBXNativeTarget "Swype ItTests" */;
			buildPhases = (
				091FED581B37283E0071F8DC /* Sources */,
				091FED591B37283E0071F8DC /* Frameworks */,
				091FED5A1B37283E0071F8DC /* Resources */,
			);
			buildRules = (
			);
			dependencies = (
				091FED5E1B37283E0071F8DC /* PBXTargetDependency */,
			);
			name = "Swype ItTests";
			productName = "Swype ItTests";
			productReference = 091FED5C1B37283E0071F8DC /* Swype ItTests.xctest */;
			productType = "com.apple.product-type.bundle.unit-test";
		};
/* End PBXNativeTarget section */

/* Begin PBXProject section */
		091FED3B1B37283E0071F8DC /* Project object */ = {
			isa = PBXProject;
			attributes = {
				LastUpgradeCheck = 0630;
				ORGANIZATIONNAME = "Push The World LLC";
				TargetAttributes = {
					091FED421B37283E0071F8DC = {
						CreatedOnToolsVersion = 6.3.2;
					};
					091FED5B1B37283E0071F8DC = {
						CreatedOnToolsVersion = 6.3.2;
						TestTargetID = 091FED421B37283E0071F8DC;
					};
				};
			};
			buildConfigurationList = 091FED3E1B37283E0071F8DC /* Build configuration list for PBXProject "Swype It" */;
			compatibilityVersion = "Xcode 3.2";
			developmentRegion = English;
			hasScannedForEncodings = 0;
			knownRegions = (
				en,
				Base,
			);
			mainGroup = 091FED3A1B37283E0071F8DC;
			productRefGroup = 091FED441B37283E0071F8DC /* Products */;
			projectDirPath = "";
			projectRoot = "";
			targets = (
				091FED421B37283E0071F8DC /* Swype It */,
				091FED5B1B37283E0071F8DC /* Swype ItTests */,
			);
		};
/* End PBXProject section */

/* Begin PBXResourcesBuildPhase section */
		091FED411B37283E0071F8DC /* Resources */ = {
			isa = PBXResourcesBuildPhase;
			buildActionMask = 2147483647;
			files = (
				091FED571B37283E0071F8DC /* LaunchScreen.xib in Resources */,
				091FED541B37283E0071F8DC /* Images.xcassets in Resources */,
			);
			runOnlyForDeploymentPostprocessing = 0;
		};
		091FED5A1B37283E0071F8DC /* Resources */ = {
			isa = PBXResourcesBuildPhase;
			buildActionMask = 2147483647;
			files = (
			);
			runOnlyForDeploymentPostprocessing = 0;
		};
/* End PBXResourcesBuildPhase section */

/* Begin PBXSourcesBuildPhase section */
		091FED3F1B37283E0071F8DC /* Sources */ = {
			isa = PBXSourcesBuildPhase;
			buildActionMask = 2147483647;
			files = (
				091FED4C1B37283E0071F8DC /* AppDelegate.m in Sources */,
				091FED6F1B37295D0071F8DC /* StartScreenViewController.m in Sources */,
				091FED491B37283E0071F8DC /* main.m in Sources */,
			);
			runOnlyForDeploymentPostprocessing = 0;
		};
		091FED581B37283E0071F8DC /* Sources */ = {
			isa = PBXSourcesBuildPhase;
			buildActionMask = 2147483647;
			files = (
				091FED631B37283E0071F8DC /* Swype_ItTests.m in Sources */,
			);
			runOnlyForDeploymentPostprocessing = 0;
		};
/* End PBXSourcesBuildPhase section */

/* Begin PBXTargetDependency section */
		091FED5E1B37283E0071F8DC /* PBXTargetDependency */ = {
			isa = PBXTargetDependency;
			target = 091FED421B37283E0071F8DC /* Swype It */;
			targetProxy = 091FED5D1B37283E0071F8DC /* PBXContainerItemProxy */;
		};
/* End PBXTargetDependency section */

/* Begin PBXVariantGroup section */
		091FED551B37283E0071F8DC /* LaunchScreen.xib */ = {
			isa = PBXVariantGroup;
			children = (
				091FED561B37283E0071F8DC /* Base */,
			);
			name = LaunchScreen.xib;
			sourceTree = "<group>";
		};
/* End PBXVariantGroup section */

/* Begin XCBuildConfiguration section */
		091FED641B37283E0071F8DC /* Debug */ = {
			isa = XCBuildConfiguration;
			buildSettings = {
				ALWAYS_SEARCH_USER_PATHS = NO;
				CLANG_CXX_LANGUAGE_STANDARD = "gnu++0x";
				CLANG_CXX_LIBRARY = "libc++";
				CLANG_ENABLE_MODULES = YES;
				CLANG_ENABLE_OBJC_ARC = YES;
				CLANG_WARN_BOOL_CONVERSION = YES;
				CLANG_WARN_CONSTANT_CONVERSION = YES;
				CLANG_WARN_DIRECT_OBJC_ISA_USAGE = YES_ERROR;
				CLANG_WARN_EMPTY_BODY = YES;
				CLANG_WARN_ENUM_CONVERSION = YES;
				CLANG_WARN_INT_CONVERSION = YES;
				CLANG_WARN_OBJC_ROOT_CLASS = YES_ERROR;
				CLANG_WARN_UNREACHABLE_CODE = YES;
				CLANG_WARN__DUPLICATE_METHOD_MATCH = YES;
				"CODE_SIGN_IDENTITY[sdk=iphoneos*]" = "iPhone Developer";
				COPY_PHASE_STRIP = NO;
				DEBUG_INFORMATION_FORMAT = "dwarf-with-dsym";
				ENABLE_STRICT_OBJC_MSGSEND = YES;
				GCC_C_LANGUAGE_STANDARD = gnu99;
				GCC_DYNAMIC_NO_PIC = NO;
				GCC_NO_COMMON_BLOCKS = YES;
				GCC_OPTIMIZATION_LEVEL = 0;
				GCC_PREPROCESSOR_DEFINITIONS = (
					"DEBUG=1",
					"$(inherited)",
				);
				GCC_SYMBOLS_PRIVATE_EXTERN = NO;
				GCC_WARN_64_TO_32_BIT_CONVERSION = YES;
				GCC_WARN_ABOUT_RETURN_TYPE = YES_ERROR;
				GCC_WARN_UNDECLARED_SELECTOR = YES;
				GCC_WARN_UNINITIALIZED_AUTOS = YES_AGGRESSIVE;
				GCC_WARN_UNUSED_FUNCTION = YES;
				GCC_WARN_UNUSED_VARIABLE = YES;
				IPHONEOS_DEPLOYMENT_TARGET = 8.3;
				MTL_ENABLE_DEBUG_INFO = YES;
				ONLY_ACTIVE_ARCH = YES;
				SDKROOT = iphoneos;
				TARGETED_DEVICE_FAMILY = "1,2";
			};
			name = Debug;
		};
		091FED651B37283E0071F8DC /* Release */ = {
			isa = XCBuildConfiguration;
			buildSettings = {
				ALWAYS_SEARCH_USER_PATHS = NO;
				CLANG_CXX_LANGUAGE_STANDARD = "gnu++0x";
				CLANG_CXX_LIBRARY = "libc++";
				CLANG_ENABLE_MODULES = YES;
				CLANG_ENABLE_OBJC_ARC = YES;
				CLANG_WARN_BOOL_CONVERSION = YES;
				CLANG_WARN_CONSTANT_CONVERSION = YES;
				CLANG_WARN_DIRECT_OBJC_ISA_USAGE = YES_ERROR;
				CLANG_WARN_EMPTY_BODY = YES;
				CLANG_WARN_ENUM_CONVERSION = YES;
				CLANG_WARN_INT_CONVERSION = YES;
				CLANG_WARN_OBJC_ROOT_CLASS = YES_ERROR;
				CLANG_WARN_UNREACHABLE_CODE = YES;
				CLANG_WARN__DUPLICATE_METHOD_MATCH = YES;
				"CODE_SIGN_IDENTITY[sdk=iphoneos*]" = "iPhone Developer";
				COPY_PHASE_STRIP = NO;
				DEBUG_INFORMATION_FORMAT = "dwarf-with-dsym";
				ENABLE_NS_ASSERTIONS = NO;
				ENABLE_STRICT_OBJC_MSGSEND = YES;
				GCC_C_LANGUAGE_STANDARD = gnu99;
				GCC_NO_COMMON_BLOCKS = YES;
				GCC_WARN_64_TO_32_BIT_CONVERSION = YES;
				GCC_WARN_ABOUT_RETURN_TYPE = YES_ERROR;
				GCC_WARN_UNDECLARED_SELECTOR = YES;
				GCC_WARN_UNINITIALIZED_AUTOS = YES_AGGRESSIVE;
				GCC_WARN_UNUSED_FUNCTION = YES;
				GCC_WARN_UNUSED_VARIABLE = YES;
				IPHONEOS_DEPLOYMENT_TARGET = 8.3;
				MTL_ENABLE_DEBUG_INFO = NO;
				SDKROOT = iphoneos;
				TARGETED_DEVICE_FAMILY = "1,2";
				VALIDATE_PRODUCT = YES;
			};
			name = Release;
		};
		091FED671B37283E0071F8DC /* Debug */ = {
			isa = XCBuildConfiguration;
			buildSettings = {
				ASSETCATALOG_COMPILER_APPICON_NAME = AppIcon;
				INFOPLIST_FILE = "Swype It/Info.plist";
				IPHONEOS_DEPLOYMENT_TARGET = 7.0;
				LD_RUNPATH_SEARCH_PATHS = "$(inherited) @executable_path/Frameworks";
				PRODUCT_NAME = "$(TARGET_NAME)";
			};
			name = Debug;
		};
		091FED681B37283E0071F8DC /* Release */ = {
			isa = XCBuildConfiguration;
			buildSettings = {
				ASSETCATALOG_COMPILER_APPICON_NAME = AppIcon;
				INFOPLIST_FILE = "Swype It/Info.plist";
				IPHONEOS_DEPLOYMENT_TARGET = 7.0;
				LD_RUNPATH_SEARCH_PATHS = "$(inherited) @executable_path/Frameworks";
				PRODUCT_NAME = "$(TARGET_NAME)";
			};
			name = Release;
		};
		091FED6A1B37283E0071F8DC /* Debug */ = {
			isa = XCBuildConfiguration;
			buildSettings = {
				BUNDLE_LOADER = "$(TEST_HOST)";
				FRAMEWORK_SEARCH_PATHS = (
					"$(SDKROOT)/Developer/Library/Frameworks",
					"$(inherited)",
				);
				GCC_PREPROCESSOR_DEFINITIONS = (
					"DEBUG=1",
					"$(inherited)",
				);
				INFOPLIST_FILE = "Swype ItTests/Info.plist";
				LD_RUNPATH_SEARCH_PATHS = "$(inherited) @executable_path/Frameworks @loader_path/Frameworks";
				PRODUCT_NAME = "$(TARGET_NAME)";
				TEST_HOST = "$(BUILT_PRODUCTS_DIR)/Swype It.app/Swype It";
			};
			name = Debug;
		};
		091FED6B1B37283E0071F8DC /* Release */ = {
			isa = XCBuildConfiguration;
			buildSettings = {
				BUNDLE_LOADER = "$(TEST_HOST)";
				FRAMEWORK_SEARCH_PATHS = (
					"$(SDKROOT)/Developer/Library/Frameworks",
					"$(inherited)",
				);
				INFOPLIST_FILE = "Swype ItTests/Info.plist";
				LD_RUNPATH_SEARCH_PATHS = "$(inherited) @executable_path/Frameworks @loader_path/Frameworks";
				PRODUCT_NAME = "$(TARGET_NAME)";
				TEST_HOST = "$(BUILT_PRODUCTS_DIR)/Swype It.app/Swype It";
			};
			name = Release;
		};
/* End XCBuildConfiguration section */

/* Begin XCConfigurationList section */
		091FED3E1B37283E0071F8DC /* Build configuration list for PBXProject "Swype It" */ = {
			isa = XCConfigurationList;
			buildConfigurations = (
				091FED641B37283E0071F8DC /* Debug */,
				091FED651B37283E0071F8DC /* Release */,
			);
			defaultConfigurationIsVisible = 0;
			defaultConfigurationName = Release;
		};
		091FED661B37283E0071F8DC /* Build configuration list for PBXNativeTarget "Swype It" */ = {
			isa = XCConfigurationList;
			buildConfigurations = (
				091FED671B37283E0071F8DC /* Debug */,
				091FED681B37283E0071F8DC /* Release */,
			);
			defaultConfigurationIsVisible = 0;
		};
		091FED691B37283E0071F8DC /* Build configuration list for PBXNativeTarget "Swype ItTests" */ = {
			isa = XCConfigurationList;
			buildConfigurations = (
				091FED6A1B37283E0071F8DC /* Debug */,
				091FED6B1B37283E0071F8DC /* Release */,
			);
			defaultConfigurationIsVisible = 0;
		};
/* End XCConfigurationList section */
	};
	rootObject = 091FED3B1B37283E0071F8DC /* Project object */;
}
